{
  "name": "example",
  "version": "1.0.0",
  "lockfileVersion": 2,
  "requires": true,
  "packages": {
    "": {
      "name": "example",
      "version": "1.0.0",
      "license": "ISC",
      "dependencies": {
        "@urql/core": "^2.6.1",
        "graphql": "^16.5.0"
      },
      "devDependencies": {
        "plugin": "file:..",
        "typescript": "^4.7.4"
      }
    },
    "..": {
      "name": "graphqlsp",
      "version": "1.0.0",
      "dev": true,
      "license": "ISC",
      "dependencies": {
        "@graphql-tools/graphql-file-loader": "^7.5.2",
        "@graphql-tools/json-file-loader": "^7.4.3",
        "@graphql-tools/load": "^7.7.4",
        "@graphql-tools/url-loader": "^7.13.5",
        "graphql-language-service": "^5.0.6",
        "tsutils": "^3.21.0"
      },
      "devDependencies": {
        "graphql": "^16.5.0",
        "typescript": "^4.7.4"
      }
    },
    "node_modules/@graphql-typed-document-node/core": {
      "version": "3.1.1",
      "resolved": "https://registry.npmjs.org/@graphql-typed-document-node/core/-/core-3.1.1.tgz",
      "integrity": "sha512-NQ17ii0rK1b34VZonlmT2QMJFI70m0TRwbknO/ihlbatXyaktDhN/98vBiUU6kNBPljqGqyIrl2T4nY2RpFANg==",
      "license": "MIT",
      "peerDependencies": {
        "graphql": "^0.8.0 || ^0.9.0 || ^0.10.0 || ^0.11.0 || ^0.12.0 || ^0.13.0 || ^14.0.0 || ^15.0.0 || ^16.0.0"
      }
    },
    "node_modules/@urql/core": {
      "version": "2.6.1",
      "resolved": "https://registry.npmjs.org/@urql/core/-/core-2.6.1.tgz",
      "integrity": "sha512-gYrEHy3tViJhwIhauK6MIf2Qp09QTsgNHZRd0n71rS+hF6gdwjspf1oKljl4m25+272cJF7fPjBUGmjaiEr7Kg==",
      "license": "MIT",
      "dependencies": {
        "@graphql-typed-document-node/core": "^3.1.1",
        "wonka": "^4.0.14"
      },
      "peerDependencies": {
        "graphql": "^0.11.0 || ^0.12.0 || ^0.13.0 || ^14.0.0 || ^15.0.0 || ^16.0.0"
      }
    },
    "node_modules/graphql": {
      "version": "16.5.0",
      "resolved": "https://registry.npmjs.org/graphql/-/graphql-16.5.0.tgz",
      "integrity": "sha512-qbHgh8Ix+j/qY+a/ZcJnFQ+j8ezakqPiHwPiZhV/3PgGlgf96QMBB5/f2rkiC9sgLoy/xvT6TSiaf2nTHJh5iA==",
      "license": "MIT",
      "engines": {
        "node": "^12.22.0 || ^14.16.0 || ^16.0.0 || >=17.0.0"
      }
    },
    "node_modules/plugin": {
      "resolved": "..",
      "link": true
    },
    "node_modules/typescript": {
      "version": "4.7.4",
      "resolved": "https://registry.npmjs.org/typescript/-/typescript-4.7.4.tgz",
      "integrity": "sha512-C0WQT0gezHuw6AdY1M2jxUO83Rjf0HP7Sk1DtXj6j1EwkQNZrHAg2XPWlq62oqEhYvONq5pkC2Y9oPljWToLmQ==",
      "dev": true,
      "license": "Apache-2.0",
      "bin": {
        "tsc": "bin/tsc",
        "tsserver": "bin/tsserver"
      },
      "engines": {
        "node": ">=4.2.0"
      }
    },
    "node_modules/wonka": {
      "version": "4.0.15",
      "resolved": "https://registry.npmjs.org/wonka/-/wonka-4.0.15.tgz",
      "integrity": "sha512-U0IUQHKXXn6PFo9nqsHphVCE5m3IntqZNB9Jjn7EB1lrR7YTDY3YWgFvEvwniTzXSvOH/XMzAZaIfJF/LvHYXg==",
      "license": "MIT"
    }
  },
  "dependencies": {
    "@graphql-typed-document-node/core": {
      "version": "3.1.1",
      "resolved": "https://registry.npmjs.org/@graphql-typed-document-node/core/-/core-3.1.1.tgz",
      "integrity": "sha512-NQ17ii0rK1b34VZonlmT2QMJFI70m0TRwbknO/ihlbatXyaktDhN/98vBiUU6kNBPljqGqyIrl2T4nY2RpFANg==",
      "requires": {}
    },
    "@urql/core": {
      "version": "2.6.1",
      "resolved": "https://registry.npmjs.org/@urql/core/-/core-2.6.1.tgz",
      "integrity": "sha512-gYrEHy3tViJhwIhauK6MIf2Qp09QTsgNHZRd0n71rS+hF6gdwjspf1oKljl4m25+272cJF7fPjBUGmjaiEr7Kg==",
      "requires": {
        "@graphql-typed-document-node/core": "^3.1.1",
        "wonka": "^4.0.14"
      }
    },
    "graphql": {
      "version": "16.5.0",
      "resolved": "https://registry.npmjs.org/graphql/-/graphql-16.5.0.tgz",
      "integrity": "sha512-qbHgh8Ix+j/qY+a/ZcJnFQ+j8ezakqPiHwPiZhV/3PgGlgf96QMBB5/f2rkiC9sgLoy/xvT6TSiaf2nTHJh5iA=="
    },
    "plugin": {
      "version": "file:..",
      "requires": {
        "@graphql-tools/graphql-file-loader": "^7.5.2",
        "@graphql-tools/json-file-loader": "^7.4.3",
        "@graphql-tools/load": "^7.7.4",
        "@graphql-tools/url-loader": "^7.13.5",
        "graphql": "^16.5.0",
        "graphql-language-service": "^5.0.6",
        "tsutils": "^3.21.0",
        "typescript": "^4.7.4"
      }
    },
    "typescript": {
      "version": "4.7.4",
      "resolved": "https://registry.npmjs.org/typescript/-/typescript-4.7.4.tgz",
      "integrity": "sha512-C0WQT0gezHuw6AdY1M2jxUO83Rjf0HP7Sk1DtXj6j1EwkQNZrHAg2XPWlq62oqEhYvONq5pkC2Y9oPljWToLmQ==",
      "dev": true
    },
    "wonka": {
      "version": "4.0.15",
      "resolved": "https://registry.npmjs.org/wonka/-/wonka-4.0.15.tgz",
      "integrity": "sha512-U0IUQHKXXn6PFo9nqsHphVCE5m3IntqZNB9Jjn7EB1lrR7YTDY3YWgFvEvwniTzXSvOH/XMzAZaIfJF/LvHYXg=="
    }
  }
}
