# THIS IS AN AUTOGENERATED FILE. DO NOT EDIT THIS FILE DIRECTLY.
# yarn lockfile v1


"@graphql-typed-document-node/core@^3.1.1":
  "integrity" "sha512-NQ17ii0rK1b34VZonlmT2QMJFI70m0TRwbknO/ihlbatXyaktDhN/98vBiUU6kNBPljqGqyIrl2T4nY2RpFANg=="
  "resolved" "https://registry.npmjs.org/@graphql-typed-document-node/core/-/core-3.1.1.tgz"
  "version" "3.1.1"

"@urql/core@^2.6.1":
  "integrity" "sha512-gYrEHy3tViJhwIhauK6MIf2Qp09QTsgNHZRd0n71rS+hF6gdwjspf1oKljl4m25+272cJF7fPjBUGmjaiEr7Kg=="
  "resolved" "https://registry.npmjs.org/@urql/core/-/core-2.6.1.tgz"
  "version" "2.6.1"
  dependencies:
    "@graphql-typed-document-node/core" "^3.1.1"
    "wonka" "^4.0.14"

"graphql@^0.11.0 || ^0.12.0 || ^0.13.0 || ^14.0.0 || ^15.0.0 || ^16.0.0", "graphql@^0.8.0 || ^0.9.0 || ^0.10.0 || ^0.11.0 || ^0.12.0 || ^0.13.0 || ^14.0.0 || ^15.0.0 || ^16.0.0", "graphql@^16.5.0":
  "integrity" "sha512-qbHgh8Ix+j/qY+a/ZcJnFQ+j8ezakqPiHwPiZhV/3PgGlgf96QMBB5/f2rkiC9sgLoy/xvT6TSiaf2nTHJh5iA=="
  "resolved" "https://registry.npmjs.org/graphql/-/graphql-16.5.0.tgz"
  "version" "16.5.0"

"plugin@file:..":
  "resolved" "file:.."
  "version" "1.0.0"
  dependencies:
    "@graphql-tools/graphql-file-loader" "^7.5.2"
    "@graphql-tools/json-file-loader" "^7.4.3"
    "@graphql-tools/load" "^7.7.4"
    "@graphql-tools/url-loader" "^7.13.5"
    "graphql-language-service" "^5.0.6"
    "tsutils" "^3.21.0"

"typescript@^4.7.4":
  "integrity" "sha512-C0WQT0gezHuw6AdY1M2jxUO83Rjf0HP7Sk1DtXj6j1EwkQNZrHAg2XPWlq62oqEhYvONq5pkC2Y9oPljWToLmQ=="
  "resolved" "https://registry.npmjs.org/typescript/-/typescript-4.7.4.tgz"
  "version" "4.7.4"

"wonka@^4.0.14":
  "integrity" "sha512-U0IUQHKXXn6PFo9nqsHphVCE5m3IntqZNB9Jjn7EB1lrR7YTDY3YWgFvEvwniTzXSvOH/XMzAZaIfJF/LvHYXg=="
  "resolved" "https://registry.npmjs.org/wonka/-/wonka-4.0.15.tgz"
  "version" "4.0.15"
