# THIS IS AN AUTOGENERATED FILE. DO NOT EDIT THIS FILE DIRECTLY.
# yarn lockfile v1


"@ardatan/sync-fetch@0.0.1":
  version "0.0.1"
  resolved "https://registry.yarnpkg.com/@ardatan/sync-fetch/-/sync-fetch-0.0.1.tgz#3385d3feedceb60a896518a1db857ec1e945348f"
  integrity sha512-xhlTqH0m31mnsG0tIP4ETgfSB6gXDaYYsUWTrlUV93fFQPI9dd8hE0Ot6MHLCtqgB32hwJAC3YZMWlXZw7AleA==
  dependencies:
    node-fetch "^2.6.1"

"@graphql-tools/batch-execute@8.5.3":
  version "8.5.3"
  resolved "https://registry.yarnpkg.com/@graphql-tools/batch-execute/-/batch-execute-8.5.3.tgz#a484063a3f6a625e5d20263e06aa965389038efb"
  integrity sha512-dvP1bM02/NSDuAS5A6sLIUUJgs0fuMSk3Ib2jc3pL7HG7jzm/IXfvPURs48pJlMnxcawjVDC8fLh1oWfjmoAGg==
  dependencies:
    "@graphql-tools/utils" "8.10.0"
    dataloader "2.1.0"
    tslib "^2.4.0"
    value-or-promise "1.0.11"

"@graphql-tools/delegate@9.0.1":
  version "9.0.1"
  resolved "https://registry.yarnpkg.com/@graphql-tools/delegate/-/delegate-9.0.1.tgz#5d4e172525bd4ddad7eb146bd5763b1e3ac4d679"
  integrity sha512-U350Q2oYGvXhto+sD3RNqgYFh+GbUYim++JUsm+2bgr4f38AqyRJxm85Y2iGn00u4lyXSXf3AHfztdMU3hYyHQ==
  dependencies:
    "@graphql-tools/batch-execute" "8.5.3"
    "@graphql-tools/schema" "9.0.1"
    "@graphql-tools/utils" "8.10.0"
    dataloader "2.1.0"
    tslib "~2.4.0"
    value-or-promise "1.0.11"

"@graphql-tools/graphql-file-loader@^7.5.2":
  version "7.5.2"
  resolved "https://registry.yarnpkg.com/@graphql-tools/graphql-file-loader/-/graphql-file-loader-7.5.2.tgz#3a3ec1a4a76d15b174de0e4fe4d7686ed2aa961a"
  integrity sha512-4M5c5SRnxTURNwfq46dlEspWGk+nQpO2nF/p9kxaPiXG0iMAQ8suOd3jQk99LEefQpVhFNb5FumyvUnyW0BogA==
  dependencies:
    "@graphql-tools/import" "6.7.3"
    "@graphql-tools/utils" "8.10.0"
    globby "^11.0.3"
    tslib "^2.4.0"
    unixify "^1.0.0"

"@graphql-tools/import@6.7.3":
  version "6.7.3"
  resolved "https://registry.yarnpkg.com/@graphql-tools/import/-/import-6.7.3.tgz#0f6e5ed0c2c274680f5a11767a095daeb1b9cd74"
  integrity sha512-7D/nDfwAj1TEkF+vAxm+hxgYNQW3h1kDz8JnYmvvY1Yv7OxZQQHDNd4tVg3BYVtW2kjsz3nzip46Z8ZQ9L7gHg==
  dependencies:
    "@graphql-tools/utils" "8.10.0"
    resolve-from "5.0.0"
    tslib "^2.4.0"

"@graphql-tools/json-file-loader@^7.4.3":
  version "7.4.3"
  resolved "https://registry.yarnpkg.com/@graphql-tools/json-file-loader/-/json-file-loader-7.4.3.tgz#19ff03256540f31d2a475fa9d3623a520999390f"
  integrity sha512-YihARAoaGJnYakDAaUkdZ6GsvGcyZRdZK2qx9FWkqtpHt02FLCBpcjjLq/cpM0N6K0ecqzh/dYSVD7MthUFXQg==
  dependencies:
    "@graphql-tools/utils" "8.10.0"
    globby "^11.0.3"
    tslib "^2.4.0"
    unixify "^1.0.0"

"@graphql-tools/load@^7.7.4":
  version "7.7.4"
  resolved "https://registry.yarnpkg.com/@graphql-tools/load/-/load-7.7.4.tgz#8c96df814edb850bcf1b1652c56fb53a098455f8"
  integrity sha512-2VtVWeMNizNTTc8Dv/hs0lrvGHaLko8jpBoP9TewFdBz6pAXPsLHYnNAhEfBYJd+Vk5GZbnWTfVColxhnF8NEQ==
  dependencies:
    "@graphql-tools/schema" "9.0.1"
    "@graphql-tools/utils" "8.10.0"
    p-limit "3.1.0"
    tslib "^2.4.0"

"@graphql-tools/merge@8.3.3":
  version "8.3.3"
  resolved "https://registry.yarnpkg.com/@graphql-tools/merge/-/merge-8.3.3.tgz#74dd4816c3fc7af38730fc59d1cba6e687d7fb2d"
  integrity sha512-EfULshN2s2s2mhBwbV9WpGnoehRLe7eIMdZrKfHhxlBWOvtNUd3KSCN0PUdAMd7lj1jXUW9KYdn624JrVn6qzg==
  dependencies:
    "@graphql-tools/utils" "8.10.0"
    tslib "^2.4.0"

"@graphql-tools/schema@9.0.1":
  version "9.0.1"
  resolved "https://registry.yarnpkg.com/@graphql-tools/schema/-/schema-9.0.1.tgz#ba8629107c1f0b9ffad14c08c2a85961967682fd"
  integrity sha512-Y6apeiBmvXEz082IAuS/ainnEEQrzMECP1MRIV72eo2WPa6ZtLYPycvIbd56Z5uU2LKP4XcWRgK6WUbCyN16Rw==
  dependencies:
    "@graphql-tools/merge" "8.3.3"
    "@graphql-tools/utils" "8.10.0"
    tslib "^2.4.0"
    value-or-promise "1.0.11"

"@graphql-tools/url-loader@^7.13.5":
  version "7.13.5"
  resolved "https://registry.yarnpkg.com/@graphql-tools/url-loader/-/url-loader-7.13.5.tgz#e2dff16cfed6191b0454ea8388130312e60c34c0"
  integrity sha512-p0h0foOjikd9q4RvN1ZQxl//UJ1oHJf1cA5qxwqiDKqsbLx27EYNZrRNT52zx8mDR7/vmAYcS1dlmLRKhukEXw==
  dependencies:
    "@ardatan/sync-fetch" "0.0.1"
    "@graphql-tools/delegate" "9.0.1"
    "@graphql-tools/utils" "8.10.0"
    "@graphql-tools/wrap" "9.0.1"
    "@n1ru4l/graphql-live-query" "^0.10.0"
    "@types/ws" "^8.0.0"
    "@whatwg-node/fetch" "^0.2.4"
    dset "^3.1.2"
    extract-files "^11.0.0"
    graphql-ws "^5.4.1"
    isomorphic-ws "^5.0.0"
    meros "^1.1.4"
    tslib "^2.4.0"
    value-or-promise "^1.0.11"
    ws "^8.3.0"

"@graphql-tools/utils@8.10.0":
  version "8.10.0"
  resolved "https://registry.yarnpkg.com/@graphql-tools/utils/-/utils-8.10.0.tgz#8e76db7487e19b60cf99fb90c2d6343b2105b331"
  integrity sha512-yI+V373FdXQbYfqdarehn9vRWDZZYuvyQ/xwiv5ez2BbobHrqsexF7qs56plLRaQ8ESYpVAjMQvJWe9s23O0Jg==
  dependencies:
    tslib "^2.4.0"

"@graphql-tools/wrap@9.0.1":
  version "9.0.1"
  resolved "https://registry.yarnpkg.com/@graphql-tools/wrap/-/wrap-9.0.1.tgz#8c280a0f64f4da639c4d4e62e7e6dd6e396310cc"
  integrity sha512-8bqVyi0j8STUsesFVdOSG/oHAuFHnr1Jkr2mL4IDDqtzXZ1XVVh5BS7biilnG6976u2ADmqHlO2UZfKqppK6Sg==
  dependencies:
    "@graphql-tools/delegate" "9.0.1"
    "@graphql-tools/schema" "9.0.1"
    "@graphql-tools/utils" "8.10.0"
    tslib "^2.4.0"
    value-or-promise "1.0.11"

"@n1ru4l/graphql-live-query@^0.10.0":
  version "0.10.0"
  resolved "https://registry.yarnpkg.com/@n1ru4l/graphql-live-query/-/graphql-live-query-0.10.0.tgz#2306151630b0e74b017cc1067ebbea351acf56f8"
  integrity sha512-qZ7OHH/NB0NcG/Xa7irzgjE63UH0CkofZT0Bw4Ko6iRFagPRHBM8RgFXwTt/6JbFGIEUS4STRtaFoc/Eq/ZtzQ==

"@nodelib/fs.scandir@2.1.5":
  version "2.1.5"
  resolved "https://registry.yarnpkg.com/@nodelib/fs.scandir/-/fs.scandir-2.1.5.tgz#7619c2eb21b25483f6d167548b4cfd5a7488c3d5"
  integrity sha512-vq24Bq3ym5HEQm2NKCr3yXDwjc7vTsEThRDnkp2DK9p1uqLR+DHurm/NOTo0KG7HYHU7eppKZj3MyqYuMBf62g==
  dependencies:
    "@nodelib/fs.stat" "2.0.5"
    run-parallel "^1.1.9"

"@nodelib/fs.stat@2.0.5", "@nodelib/fs.stat@^2.0.2":
  version "2.0.5"
  resolved "https://registry.yarnpkg.com/@nodelib/fs.stat/-/fs.stat-2.0.5.tgz#5bd262af94e9d25bd1e71b05deed44876a222e8b"
  integrity sha512-RkhPPp2zrqDAQA/2jNhnztcPAlv64XdhIp7a7454A5ovI7Bukxgt7MX7udwAu3zg1DcpPU0rz3VV1SeaqvY4+A==

"@nodelib/fs.walk@^1.2.3":
  version "1.2.8"
  resolved "https://registry.yarnpkg.com/@nodelib/fs.walk/-/fs.walk-1.2.8.tgz#e95737e8bb6746ddedf69c556953494f196fe69a"
  integrity sha512-oGB+UxlgWcgQkgwo8GcEGwemoTFt3FIO9ababBmaGwXIoBKZ+GTy0pP185beGg7Llih/NSHSV2XAs1lnznocSg==
  dependencies:
    "@nodelib/fs.scandir" "2.1.5"
    fastq "^1.6.0"

"@peculiar/asn1-schema@^2.1.6":
  version "2.3.0"
  resolved "https://registry.yarnpkg.com/@peculiar/asn1-schema/-/asn1-schema-2.3.0.tgz#5368416eb336138770c692ffc2bab119ee3ae917"
  integrity sha512-DtNLAG4vmDrdSJFPe7rypkcj597chNQL7u+2dBtYo5mh7VW2+im6ke+O0NVr8W1f4re4C3F71LhoMb0Yxqa48Q==
  dependencies:
    asn1js "^3.0.5"
    pvtsutils "^1.3.2"
    tslib "^2.4.0"

"@peculiar/json-schema@^1.1.12":
  version "1.1.12"
  resolved "https://registry.yarnpkg.com/@peculiar/json-schema/-/json-schema-1.1.12.tgz#fe61e85259e3b5ba5ad566cb62ca75b3d3cd5339"
  integrity sha512-coUfuoMeIB7B8/NMekxaDzLhaYmp0HZNPEjYRm9goRou8UZIC3z21s0sL9AWoCw4EG876QyO3kYrc61WNF9B/w==
  dependencies:
    tslib "^2.0.0"

"@peculiar/webcrypto@^1.4.0":
  version "1.4.0"
  resolved "https://registry.yarnpkg.com/@peculiar/webcrypto/-/webcrypto-1.4.0.tgz#f941bd95285a0f8a3d2af39ccda5197b80cd32bf"
  integrity sha512-U58N44b2m3OuTgpmKgf0LPDOmP3bhwNz01vAnj1mBwxBASRhptWYK+M3zG+HBkDqGQM+bFsoIihTW8MdmPXEqg==
  dependencies:
    "@peculiar/asn1-schema" "^2.1.6"
    "@peculiar/json-schema" "^1.1.12"
    pvtsutils "^1.3.2"
    tslib "^2.4.0"
    webcrypto-core "^1.7.4"

"@types/node@*":
  version "18.7.1"
  resolved "https://registry.yarnpkg.com/@types/node/-/node-18.7.1.tgz#352bee64f93117d867d05f7406642a52685cbca6"
  integrity sha512-GKX1Qnqxo4S+Z/+Z8KKPLpH282LD7jLHWJcVryOflnsnH+BtSDfieR6ObwBMwpnNws0bUK8GI7z0unQf9bARNQ==

"@types/ws@^8.0.0":
  version "8.5.3"
  resolved "https://registry.yarnpkg.com/@types/ws/-/ws-8.5.3.tgz#7d25a1ffbecd3c4f2d35068d0b283c037003274d"
  integrity sha512-6YOoWjruKj1uLf3INHH7D3qTXwFfEsg1kf3c0uDdSBJwfa/llkwIjrAGV7j7mVgGNbzTQ3HiHKKDXl6bJPD97w==
  dependencies:
    "@types/node" "*"

"@whatwg-node/fetch@^0.2.4":
  version "0.2.8"
  resolved "https://registry.yarnpkg.com/@whatwg-node/fetch/-/fetch-0.2.8.tgz#ccfa4a32873fcd5442a6a0c18e3fd3ae934329c4"
  integrity sha512-KyUD1Vx9TpdTTlM01aXOx1NED93C33cOT/5RyCqVL6H/srGTU1hlLacOLgmYSLNzkEVerVfhb7Bd6IxiI7JziA==
  dependencies:
    "@peculiar/webcrypto" "^1.4.0"
    abort-controller "^3.0.0"
    busboy "^1.6.0"
    event-target-polyfill "^0.0.3"
    form-data-encoder "^1.7.1"
    formdata-node "^4.3.1"
    node-fetch "^2.6.7"
    undici "^5.8.0"
    web-streams-polyfill "^3.2.0"

abort-controller@^3.0.0:
  version "3.0.0"
  resolved "https://registry.yarnpkg.com/abort-controller/-/abort-controller-3.0.0.tgz#eaf54d53b62bae4138e809ca225c8439a6efb392"
  integrity sha512-h8lQ8tacZYnR3vNQTgibj+tODHI5/+l06Au2Pcriv/Gmet0eaj4TwWH41sO9wnHDiQsEj19q0drzdWdeAHtweg==
  dependencies:
    event-target-shim "^5.0.0"

array-union@^2.1.0:
  version "2.1.0"
  resolved "https://registry.yarnpkg.com/array-union/-/array-union-2.1.0.tgz#b798420adbeb1de828d84acd8a2e23d3efe85e8d"
  integrity sha512-HGyxoOTYUyCM6stUe6EJgnd4EoewAI7zMdfqO+kGjnlZmBDz/cR5pf8r/cR4Wq60sL/p0IkcjUEEPwS3GFrIyw==

asn1js@^3.0.1, asn1js@^3.0.5:
  version "3.0.5"
  resolved "https://registry.yarnpkg.com/asn1js/-/asn1js-3.0.5.tgz#5ea36820443dbefb51cc7f88a2ebb5b462114f38"
  integrity sha512-FVnvrKJwpt9LP2lAMl8qZswRNm3T4q9CON+bxldk2iwk3FFpuwhx2FfinyitizWHsVYyaY+y5JzDR0rCMV5yTQ==
  dependencies:
    pvtsutils "^1.3.2"
    pvutils "^1.1.3"
    tslib "^2.4.0"

braces@^3.0.2:
  version "3.0.2"
  resolved "https://registry.yarnpkg.com/braces/-/braces-3.0.2.tgz#3454e1a462ee8d599e236df336cd9ea4f8afe107"
  integrity sha512-b8um+L1RzM3WDSzvhm6gIz1yfTbBt6YTlcEKAvsmqCZZFw46z626lVj9j1yEPW33H5H+lBQpZMP1k8l+78Ha0A==
  dependencies:
    fill-range "^7.0.1"

busboy@^1.6.0:
  version "1.6.0"
  resolved "https://registry.yarnpkg.com/busboy/-/busboy-1.6.0.tgz#966ea36a9502e43cdb9146962523b92f531f6893"
  integrity sha512-8SFQbg/0hQ9xy3UNTB0YEnsNBbWfhf7RtnzpL7TkBiTBRfrQ9Fxcnz7VJsleJpyp6rVLvXiuORqjlHi5q+PYuA==
  dependencies:
    streamsearch "^1.1.0"

dataloader@2.1.0:
  version "2.1.0"
  resolved "https://registry.yarnpkg.com/dataloader/-/dataloader-2.1.0.tgz#c69c538235e85e7ac6c6c444bae8ecabf5de9df7"
  integrity sha512-qTcEYLen3r7ojZNgVUaRggOI+KM7jrKxXeSHhogh/TWxYMeONEMqY+hmkobiYQozsGIyg9OYVzO4ZIfoB4I0pQ==

dir-glob@^3.0.1:
  version "3.0.1"
  resolved "https://registry.yarnpkg.com/dir-glob/-/dir-glob-3.0.1.tgz#56dbf73d992a4a93ba1584f4534063fd2e41717f"
  integrity sha512-WkrWp9GR4KXfKGYzOLmTuGVi1UWFfws377n9cc55/tb6DuqyF6pcQ5AbiHEshaDpY9v6oaSr2XCDidGmMwdzIA==
  dependencies:
    path-type "^4.0.0"

dset@^3.1.2:
  version "3.1.2"
  resolved "https://registry.yarnpkg.com/dset/-/dset-3.1.2.tgz#89c436ca6450398396dc6538ea00abc0c54cd45a"
  integrity sha512-g/M9sqy3oHe477Ar4voQxWtaPIFw1jTdKZuomOjhCcBx9nHUNn0pu6NopuFFrTh/TRZIKEj+76vLWFu9BNKk+Q==

event-target-polyfill@^0.0.3:
  version "0.0.3"
  resolved "https://registry.yarnpkg.com/event-target-polyfill/-/event-target-polyfill-0.0.3.tgz#ed373295f3b257774b5d75afb2599331d9f3406c"
  integrity sha512-ZMc6UuvmbinrCk4RzGyVmRyIsAyxMRlp4CqSrcQRO8Dy0A9ldbiRy5kdtBj4OtP7EClGdqGfIqo9JmOClMsGLQ==

event-target-shim@^5.0.0:
  version "5.0.1"
  resolved "https://registry.yarnpkg.com/event-target-shim/-/event-target-shim-5.0.1.tgz#5d4d3ebdf9583d63a5333ce2deb7480ab2b05789"
  integrity sha512-i/2XbnSz/uxRCU6+NdVJgKWDTM427+MqYbkQzD321DuCQJUqOuJKIA0IM2+W2xtYHdKOmZ4dR6fExsd4SXL+WQ==

extract-files@^11.0.0:
  version "11.0.0"
  resolved "https://registry.yarnpkg.com/extract-files/-/extract-files-11.0.0.tgz#b72d428712f787eef1f5193aff8ab5351ca8469a"
  integrity sha512-FuoE1qtbJ4bBVvv94CC7s0oTnKUGvQs+Rjf1L2SJFfS+HTVVjhPFtehPdQ0JiGPqVNfSSZvL5yzHHQq2Z4WNhQ==

fast-glob@^3.2.9:
  version "3.2.11"
  resolved "https://registry.yarnpkg.com/fast-glob/-/fast-glob-3.2.11.tgz#a1172ad95ceb8a16e20caa5c5e56480e5129c1d9"
  integrity sha512-xrO3+1bxSo3ZVHAnqzyuewYT6aMFHRAd4Kcs92MAonjwQZLsK9d0SF1IyQ3k5PoirxTW0Oe/RqFgMQ6TcNE5Ew==
  dependencies:
    "@nodelib/fs.stat" "^2.0.2"
    "@nodelib/fs.walk" "^1.2.3"
    glob-parent "^5.1.2"
    merge2 "^1.3.0"
    micromatch "^4.0.4"

fastq@^1.6.0:
  version "1.13.0"
  resolved "https://registry.yarnpkg.com/fastq/-/fastq-1.13.0.tgz#616760f88a7526bdfc596b7cab8c18938c36b98c"
  integrity sha512-YpkpUnK8od0o1hmeSc7UUs/eB/vIPWJYjKck2QKIzAf71Vm1AAQ3EbuZB3g2JIy+pg+ERD0vqI79KyZiB2e2Nw==
  dependencies:
    reusify "^1.0.4"

fill-range@^7.0.1:
  version "7.0.1"
  resolved "https://registry.yarnpkg.com/fill-range/-/fill-range-7.0.1.tgz#1919a6a7c75fe38b2c7c77e5198535da9acdda40"
  integrity sha512-qOo9F+dMUmC2Lcb4BbVvnKJxTPjCm+RRpe4gDuGrzkL7mEVl/djYSu2OdQ2Pa302N4oqkSg9ir6jaLWJ2USVpQ==
  dependencies:
    to-regex-range "^5.0.1"

form-data-encoder@^1.7.1:
  version "1.7.2"
  resolved "https://registry.yarnpkg.com/form-data-encoder/-/form-data-encoder-1.7.2.tgz#1f1ae3dccf58ed4690b86d87e4f57c654fbab040"
  integrity sha512-qfqtYan3rxrnCk1VYaA4H+Ms9xdpPqvLZa6xmMgFvhO32x7/3J/ExcTd6qpxM0vH2GdMI+poehyBZvqfMTto8A==

formdata-node@^4.3.1:
  version "4.3.3"
  resolved "https://registry.yarnpkg.com/formdata-node/-/formdata-node-4.3.3.tgz#21415225be66e2c87a917bfc0fedab30a119c23c"
  integrity sha512-coTew7WODO2vF+XhpUdmYz4UBvlsiTMSNaFYZlrXIqYbFd4W7bMwnoALNLE6uvNgzTg2j1JDF0ZImEfF06VPAA==
  dependencies:
    node-domexception "1.0.0"
    web-streams-polyfill "4.0.0-beta.1"

glob-parent@^5.1.2:
  version "5.1.2"
  resolved "https://registry.yarnpkg.com/glob-parent/-/glob-parent-5.1.2.tgz#869832c58034fe68a4093c17dc15e8340d8401c4"
  integrity sha512-AOIgSQCepiJYwP3ARnGx+5VnTu2HBYdzbGP45eLw1vr3zB3vZLeyed1sC9hnbcOc9/SrMyM5RPQrkGz4aS9Zow==
  dependencies:
    is-glob "^4.0.1"

globby@^11.0.3:
  version "11.1.0"
  resolved "https://registry.yarnpkg.com/globby/-/globby-11.1.0.tgz#bd4be98bb042f83d796f7e3811991fbe82a0d34b"
  integrity sha512-jhIXaOzy1sb8IyocaruWSn1TjmnBVs8Ayhcy83rmxNJ8q2uWKCAj3CnJY+KpGSXCueAPc0i05kVvVKtP1t9S3g==
  dependencies:
    array-union "^2.1.0"
    dir-glob "^3.0.1"
    fast-glob "^3.2.9"
    ignore "^5.2.0"
    merge2 "^1.4.1"
    slash "^3.0.0"

graphql-language-service@^5.0.6:
  version "5.0.6"
  resolved "https://registry.yarnpkg.com/graphql-language-service/-/graphql-language-service-5.0.6.tgz#7fd1e6479e5c3074b070c760fa961d9ad1ed7c72"
  integrity sha512-FjE23aTy45Lr5metxCv3ZgSKEZOzN7ERR+OFC1isV5mHxI0Ob8XxayLTYjQKrs8b3kOpvgTYmSmu6AyXOzYslg==
  dependencies:
    nullthrows "^1.0.0"
    vscode-languageserver-types "^3.15.1"

graphql-ws@^5.4.1:
  version "5.10.0"
  resolved "https://registry.yarnpkg.com/graphql-ws/-/graphql-ws-5.10.0.tgz#3fb47a4e809e0d2e7c197f1bca754fa9f31b940e"
  integrity sha512-ewbPzHQdRZgNCPDH9Yr6xccSeZfk3fmpO/AGGGg4KkM5gc6oAOJQ10Oui1EqprhVOyRbOll9bw2qAkOiOwfTag==

graphql@^16.5.0:
  version "16.5.0"
  resolved "https://registry.yarnpkg.com/graphql/-/graphql-16.5.0.tgz#41b5c1182eaac7f3d47164fb247f61e4dfb69c85"
  integrity sha512-qbHgh8Ix+j/qY+a/ZcJnFQ+j8ezakqPiHwPiZhV/3PgGlgf96QMBB5/f2rkiC9sgLoy/xvT6TSiaf2nTHJh5iA==

ignore@^5.2.0:
  version "5.2.0"
  resolved "https://registry.yarnpkg.com/ignore/-/ignore-5.2.0.tgz#6d3bac8fa7fe0d45d9f9be7bac2fc279577e345a"
  integrity sha512-CmxgYGiEPCLhfLnpPp1MoRmifwEIOgjcHXxOBjv7mY96c+eWScsOP9c112ZyLdWHi0FxHjI+4uVhKYp/gcdRmQ==

is-extglob@^2.1.1:
  version "2.1.1"
  resolved "https://registry.yarnpkg.com/is-extglob/-/is-extglob-2.1.1.tgz#a88c02535791f02ed37c76a1b9ea9773c833f8c2"
  integrity sha512-SbKbANkN603Vi4jEZv49LeVJMn4yGwsbzZworEoyEiutsN3nJYdbO36zfhGJ6QEDpOZIFkDtnq5JRxmvl3jsoQ==

is-glob@^4.0.1:
  version "4.0.3"
  resolved "https://registry.yarnpkg.com/is-glob/-/is-glob-4.0.3.tgz#64f61e42cbbb2eec2071a9dac0b28ba1e65d5084"
  integrity sha512-xelSayHH36ZgE7ZWhli7pW34hNbNl8Ojv5KVmkJD4hBdD3th8Tfk9vYasLM+mXWOZhFkgZfxhLSnrwRr4elSSg==
  dependencies:
    is-extglob "^2.1.1"

is-number@^7.0.0:
  version "7.0.0"
  resolved "https://registry.yarnpkg.com/is-number/-/is-number-7.0.0.tgz#7535345b896734d5f80c4d06c50955527a14f12b"
  integrity sha512-41Cifkg6e8TylSpdtTpeLVMqvSBEVzTttHvERD741+pnZ8ANv0004MRL43QKPDlK9cGvNp6NZWZUBlbGXYxxng==

isomorphic-ws@^5.0.0:
  version "5.0.0"
  resolved "https://registry.yarnpkg.com/isomorphic-ws/-/isomorphic-ws-5.0.0.tgz#e5529148912ecb9b451b46ed44d53dae1ce04bbf"
  integrity sha512-muId7Zzn9ywDsyXgTIafTry2sV3nySZeUDe6YedVd1Hvuuep5AsIlqK+XefWpYTyJG5e503F2xIuT2lcU6rCSw==

merge2@^1.3.0, merge2@^1.4.1:
  version "1.4.1"
  resolved "https://registry.yarnpkg.com/merge2/-/merge2-1.4.1.tgz#4368892f885e907455a6fd7dc55c0c9d404990ae"
  integrity sha512-8q7VEgMJW4J8tcfVPy8g09NcQwZdbwFEqhe/WZkoIzjn/3TGDwtOCYtXGxA3O8tPzpczCCDgv+P2P5y00ZJOOg==

meros@^1.1.4:
  version "1.2.0"
  resolved "https://registry.yarnpkg.com/meros/-/meros-1.2.0.tgz#096cdede2eb0b1610b219b1031b935260de1ad08"
  integrity sha512-3QRZIS707pZQnijHdhbttXRWwrHhZJ/gzolneoxKVz9N/xmsvY/7Ls8lpnI9gxbgxjcHsAVEW3mgwiZCo6kkJQ==

micromatch@^4.0.4:
  version "4.0.5"
  resolved "https://registry.yarnpkg.com/micromatch/-/micromatch-4.0.5.tgz#bc8999a7cbbf77cdc89f132f6e467051b49090c6"
  integrity sha512-DMy+ERcEW2q8Z2Po+WNXuw3c5YaUSFjAO5GsJqfEl7UjvtIuFKO6ZrKvcItdy98dwFI2N1tg3zNIdKaQT+aNdA==
  dependencies:
    braces "^3.0.2"
    picomatch "^2.3.1"

node-domexception@1.0.0:
  version "1.0.0"
  resolved "https://registry.yarnpkg.com/node-domexception/-/node-domexception-1.0.0.tgz#6888db46a1f71c0b76b3f7555016b63fe64766e5"
  integrity sha512-/jKZoMpw0F8GRwl4/eLROPA3cfcXtLApP0QzLmUT/HuPCZWyB7IY9ZrMeKw2O/nFIqPQB3PVM9aYm0F312AXDQ==

node-fetch@^2.6.1, node-fetch@^2.6.7:
  version "2.6.7"
  resolved "https://registry.yarnpkg.com/node-fetch/-/node-fetch-2.6.7.tgz#24de9fba827e3b4ae44dc8b20256a379160052ad"
  integrity sha512-ZjMPFEfVx5j+y2yF35Kzx5sF7kDzxuDj6ziH4FFbOp87zKDZNx8yExJIb05OGF4Nlt9IHFIMBkRl41VdvcNdbQ==
  dependencies:
    whatwg-url "^5.0.0"

normalize-path@^2.1.1:
  version "2.1.1"
  resolved "https://registry.yarnpkg.com/normalize-path/-/normalize-path-2.1.1.tgz#1ab28b556e198363a8c1a6f7e6fa20137fe6aed9"
  integrity sha512-3pKJwH184Xo/lnH6oyP1q2pMd7HcypqqmRs91/6/i2CGtWwIKGCkOOMTm/zXbgTEWHw1uNpNi/igc3ePOYHb6w==
  dependencies:
    remove-trailing-separator "^1.0.1"

nullthrows@^1.0.0:
  version "1.1.1"
  resolved "https://registry.yarnpkg.com/nullthrows/-/nullthrows-1.1.1.tgz#7818258843856ae971eae4208ad7d7eb19a431b1"
  integrity sha512-2vPPEi+Z7WqML2jZYddDIfy5Dqb0r2fze2zTxNNknZaFpVHU3mFB3R+DWeJWGVx0ecvttSGlJTI+WG+8Z4cDWw==

p-limit@3.1.0:
  version "3.1.0"
  resolved "https://registry.yarnpkg.com/p-limit/-/p-limit-3.1.0.tgz#e1daccbe78d0d1388ca18c64fea38e3e57e3706b"
  integrity sha512-TYOanM3wGwNGsZN2cVTYPArw454xnXj5qmWF1bEoAc4+cU/ol7GVh7odevjp1FNHduHc3KZMcFduxU5Xc6uJRQ==
  dependencies:
    yocto-queue "^0.1.0"

path-type@^4.0.0:
  version "4.0.0"
  resolved "https://registry.yarnpkg.com/path-type/-/path-type-4.0.0.tgz#84ed01c0a7ba380afe09d90a8c180dcd9d03043b"
  integrity sha512-gDKb8aZMDeD/tZWs9P6+q0J9Mwkdl6xMV8TjnGP3qJVJ06bdMgkbBlLU8IdfOsIsFz2BW1rNVT3XuNEl8zPAvw==

picomatch@^2.3.1:
  version "2.3.1"
  resolved "https://registry.yarnpkg.com/picomatch/-/picomatch-2.3.1.tgz#3ba3833733646d9d3e4995946c1365a67fb07a42"
  integrity sha512-JU3teHTNjmE2VCGFzuY8EXzCDVwEqB2a8fsIvwaStHhAWJEeVd1o1QD80CU6+ZdEXXSLbSsuLwJjkCBWqRQUVA==

pvtsutils@^1.3.2:
  version "1.3.2"
  resolved "https://registry.yarnpkg.com/pvtsutils/-/pvtsutils-1.3.2.tgz#9f8570d132cdd3c27ab7d51a2799239bf8d8d5de"
  integrity sha512-+Ipe2iNUyrZz+8K/2IOo+kKikdtfhRKzNpQbruF2URmqPtoqAs8g3xS7TJvFF2GcPXjh7DkqMnpVveRFq4PgEQ==
  dependencies:
    tslib "^2.4.0"

pvutils@^1.1.3:
  version "1.1.3"
  resolved "https://registry.yarnpkg.com/pvutils/-/pvutils-1.1.3.tgz#f35fc1d27e7cd3dfbd39c0826d173e806a03f5a3"
  integrity sha512-pMpnA0qRdFp32b1sJl1wOJNxZLQ2cbQx+k6tjNtZ8CpvVhNqEPRgivZ2WOUev2YMajecdH7ctUPDvEe87nariQ==

queue-microtask@^1.2.2:
  version "1.2.3"
  resolved "https://registry.yarnpkg.com/queue-microtask/-/queue-microtask-1.2.3.tgz#4929228bbc724dfac43e0efb058caf7b6cfb6243"
  integrity sha512-NuaNSa6flKT5JaSYQzJok04JzTL1CA6aGhv5rfLW3PgqA+M2ChpZQnAC8h8i4ZFkBS8X5RqkDBHA7r4hej3K9A==

remove-trailing-separator@^1.0.1:
  version "1.1.0"
  resolved "https://registry.yarnpkg.com/remove-trailing-separator/-/remove-trailing-separator-1.1.0.tgz#c24bce2a283adad5bc3f58e0d48249b92379d8ef"
  integrity sha512-/hS+Y0u3aOfIETiaiirUFwDBDzmXPvO+jAfKTitUngIPzdKc6Z0LoFjM/CK5PL4C+eKwHohlHAb6H0VFfmmUsw==

resolve-from@5.0.0:
  version "5.0.0"
  resolved "https://registry.yarnpkg.com/resolve-from/-/resolve-from-5.0.0.tgz#c35225843df8f776df21c57557bc087e9dfdfc69"
  integrity sha512-qYg9KP24dD5qka9J47d0aVky0N+b4fTU89LN9iDnjB5waksiC49rvMB0PrUJQGoTmH50XPiqOvAjDfaijGxYZw==

reusify@^1.0.4:
  version "1.0.4"
  resolved "https://registry.yarnpkg.com/reusify/-/reusify-1.0.4.tgz#90da382b1e126efc02146e90845a88db12925d76"
  integrity sha512-U9nH88a3fc/ekCF1l0/UP1IosiuIjyTh7hBvXVMHYgVcfGvt897Xguj2UOLDeI5BG2m7/uwyaLVT6fbtCwTyzw==

run-parallel@^1.1.9:
  version "1.2.0"
  resolved "https://registry.yarnpkg.com/run-parallel/-/run-parallel-1.2.0.tgz#66d1368da7bdf921eb9d95bd1a9229e7f21a43ee"
  integrity sha512-5l4VyZR86LZ/lDxZTR6jqL8AFE2S0IFLMP26AbjsLVADxHdhB/c0GUsH+y39UfCi3dzz8OlQuPmnaJOMoDHQBA==
  dependencies:
    queue-microtask "^1.2.2"

slash@^3.0.0:
  version "3.0.0"
  resolved "https://registry.yarnpkg.com/slash/-/slash-3.0.0.tgz#6539be870c165adbd5240220dbe361f1bc4d4634"
  integrity sha512-g9Q1haeby36OSStwb4ntCGGGaKsaVSjQ68fBxoQcutl5fS1vuY18H3wSt3jFyFtrkx+Kz0V1G85A4MyAdDMi2Q==

streamsearch@^1.1.0:
  version "1.1.0"
  resolved "https://registry.yarnpkg.com/streamsearch/-/streamsearch-1.1.0.tgz#404dd1e2247ca94af554e841a8ef0eaa238da764"
  integrity sha512-Mcc5wHehp9aXz1ax6bZUyY5afg9u2rv5cqQI3mRrYkGC8rW2hM02jWuwjtL++LS5qinSyhj2QfLyNsuc+VsExg==

to-regex-range@^5.0.1:
  version "5.0.1"
  resolved "https://registry.yarnpkg.com/to-regex-range/-/to-regex-range-5.0.1.tgz#1648c44aae7c8d988a326018ed72f5b4dd0392e4"
  integrity sha512-65P7iz6X5yEr1cwcgvQxbbIw7Uk3gOy5dIdtZ4rDveLqhrdJP+Li/Hx6tyK0NEb+2GCyneCMJiGqrADCSNk8sQ==
  dependencies:
    is-number "^7.0.0"

tr46@~0.0.3:
  version "0.0.3"
  resolved "https://registry.yarnpkg.com/tr46/-/tr46-0.0.3.tgz#8184fd347dac9cdc185992f3a6622e14b9d9ab6a"
  integrity sha512-N3WMsuqV66lT30CrXNbEjx4GEwlow3v6rr4mCcv6prnfwhS01rkgyFdjPNBYd9br7LpXV1+Emh01fHnq2Gdgrw==

tslib@^1.8.1:
  version "1.14.1"
  resolved "https://registry.yarnpkg.com/tslib/-/tslib-1.14.1.tgz#cf2d38bdc34a134bcaf1091c41f6619e2f672d00"
  integrity sha512-Xni35NKzjgMrwevysHTCArtLDpPvye8zV/0E4EyYn43P7/7qvQwPh9BGkHewbMulVntbigmcT7rdX3BNo9wRJg==

tslib@^2.0.0, tslib@^2.4.0, tslib@~2.4.0:
  version "2.4.0"
  resolved "https://registry.yarnpkg.com/tslib/-/tslib-2.4.0.tgz#7cecaa7f073ce680a05847aa77be941098f36dc3"
  integrity sha512-d6xOpEDfsi2CZVlPQzGeux8XMwLT9hssAsaPYExaQMuYskwb+x1x7J371tWlbBdWHroy99KnVB6qIkUbs5X3UQ==

tsutils@^3.21.0:
  version "3.21.0"
  resolved "https://registry.yarnpkg.com/tsutils/-/tsutils-3.21.0.tgz#b48717d394cea6c1e096983eed58e9d61715b623"
  integrity sha512-mHKK3iUXL+3UF6xL5k0PEhKRUBKPBCv/+RkEOpjRWxxx27KKRBmmA60A9pgOUvMi8GKhRMPEmjBRPzs2W7O1OA==
  dependencies:
    tslib "^1.8.1"

typescript@^4.7.4:
  version "4.7.4"
  resolved "https://registry.yarnpkg.com/typescript/-/typescript-4.7.4.tgz#1a88596d1cf47d59507a1bcdfb5b9dfe4d488235"
  integrity sha512-C0WQT0gezHuw6AdY1M2jxUO83Rjf0HP7Sk1DtXj6j1EwkQNZrHAg2XPWlq62oqEhYvONq5pkC2Y9oPljWToLmQ==

undici@^5.8.0:
  version "5.8.2"
  resolved "https://registry.yarnpkg.com/undici/-/undici-5.8.2.tgz#071fc8a6a5d24db0ad510ad442f607d9b09d5eec"
  integrity sha512-3KLq3pXMS0Y4IELV045fTxqz04Nk9Ms7yfBBHum3yxsTR4XNn+ZCaUbf/mWitgYDAhsplQ0B1G4S5D345lMO3A==

unixify@^1.0.0:
  version "1.0.0"
  resolved "https://registry.yarnpkg.com/unixify/-/unixify-1.0.0.tgz#3a641c8c2ffbce4da683a5c70f03a462940c2090"
  integrity sha512-6bc58dPYhCMHHuwxldQxO3RRNZ4eCogZ/st++0+fcC1nr0jiGUtAdBJ2qzmLQWSxbtz42pWt4QQMiZ9HvZf5cg==
  dependencies:
    normalize-path "^2.1.1"

value-or-promise@1.0.11, value-or-promise@^1.0.11:
  version "1.0.11"
  resolved "https://registry.yarnpkg.com/value-or-promise/-/value-or-promise-1.0.11.tgz#3e90299af31dd014fe843fe309cefa7c1d94b140"
  integrity sha512-41BrgH+dIbCFXClcSapVs5M6GkENd3gQOJpEfPDNa71LsUGMXDL0jMWpI/Rh7WhX+Aalfz2TTS3Zt5pUsbnhLg==

vscode-languageserver-types@^3.15.1:
  version "3.17.2"
  resolved "https://registry.yarnpkg.com/vscode-languageserver-types/-/vscode-languageserver-types-3.17.2.tgz#b2c2e7de405ad3d73a883e91989b850170ffc4f2"
  integrity sha512-zHhCWatviizPIq9B7Vh9uvrH6x3sK8itC84HkamnBWoDFJtzBf7SWlpLCZUit72b3os45h6RWQNC9xHRDF8dRA==

web-streams-polyfill@4.0.0-beta.1:
  version "4.0.0-beta.1"
  resolved "https://registry.yarnpkg.com/web-streams-polyfill/-/web-streams-polyfill-4.0.0-beta.1.tgz#3b19b9817374b7cee06d374ba7eeb3aeb80e8c95"
  integrity sha512-3ux37gEX670UUphBF9AMCq8XM6iQ8Ac6A+DSRRjDoRBm1ufCkaCDdNVbaqq60PsEkdNlLKrGtv/YBP4EJXqNtQ==

web-streams-polyfill@^3.2.0:
  version "3.2.1"
  resolved "https://registry.yarnpkg.com/web-streams-polyfill/-/web-streams-polyfill-3.2.1.tgz#71c2718c52b45fd49dbeee88634b3a60ceab42a6"
  integrity sha512-e0MO3wdXWKrLbL0DgGnUV7WHVuw9OUvL4hjgnPkIeEvESk74gAITi5G606JtZPp39cd8HA9VQzCIvA49LpPN5Q==

webcrypto-core@^1.7.4:
  version "1.7.5"
  resolved "https://registry.yarnpkg.com/webcrypto-core/-/webcrypto-core-1.7.5.tgz#c02104c953ca7107557f9c165d194c6316587ca4"
  integrity sha512-gaExY2/3EHQlRNNNVSrbG2Cg94Rutl7fAaKILS1w8ZDhGxdFOaw6EbCfHIxPy9vt/xwp5o0VQAx9aySPF6hU1A==
  dependencies:
    "@peculiar/asn1-schema" "^2.1.6"
    "@peculiar/json-schema" "^1.1.12"
    asn1js "^3.0.1"
    pvtsutils "^1.3.2"
    tslib "^2.4.0"

webidl-conversions@^3.0.0:
  version "3.0.1"
  resolved "https://registry.yarnpkg.com/webidl-conversions/-/webidl-conversions-3.0.1.tgz#24534275e2a7bc6be7bc86611cc16ae0a5654871"
  integrity sha512-2JAn3z8AR6rjK8Sm8orRC0h/bcl/DqL7tRPdGZ4I1CjdF+EaMLmYxBHyXuKL849eucPFhvBoxMsflfOb8kxaeQ==

whatwg-url@^5.0.0:
  version "5.0.0"
  resolved "https://registry.yarnpkg.com/whatwg-url/-/whatwg-url-5.0.0.tgz#966454e8765462e37644d3626f6742ce8b70965d"
  integrity sha512-saE57nupxk6v3HY35+jzBwYa0rKSy0XR8JSxZPwgLr7ys0IBzhGviA1/TUGJLmSVqs8pb9AnvICXEuOHLprYTw==
  dependencies:
    tr46 "~0.0.3"
    webidl-conversions "^3.0.0"

ws@^8.3.0:
  version "8.8.1"
  resolved "https://registry.yarnpkg.com/ws/-/ws-8.8.1.tgz#5dbad0feb7ade8ecc99b830c1d77c913d4955ff0"
  integrity sha512-bGy2JzvzkPowEJV++hF07hAD6niYSr0JzBNo/J29WsB57A2r7Wlc1UFcTR9IzrPvuNVO4B8LGqF8qcpsVOhJCA==

yocto-queue@^0.1.0:
  version "0.1.0"
  resolved "https://registry.yarnpkg.com/yocto-queue/-/yocto-queue-0.1.0.tgz#0294eb3dee05028d31ee1a5fa2c556a6aaf10a1b"
  integrity sha512-rVksvsnNCdJ/ohGc6xgPwyN8eheCxsiLM8mxuE/t/mOVqJewPuO1miLpTHQiRgTKCLexL4MeAFVagts7HmNZ2Q==
